
Microsoft Visual Studio Solution File, Format Version 12.00
# Visual Studio Version 16
VisualStudioVersion = 16.0.30128.74
MinimumVisualStudioVersion = 10.0.40219.1
Project("{FAE04EC0-301F-11D3-BF4B-00C04F79EFBC}") = "Boozawang.Web", "Boozawang.Web\Boozawang.Web.csproj", "{AE10CF8D-3B29-403E-A788-053B044CAFA8}"
EndProject
Global
	GlobalSection(SolutionConfigurationPlatforms) = preSolution
		Debug|Any CPU = Debug|Any CPU
		Release|Any CPU = Release|Any CPU
	EndGlobalSection
	GlobalSection(ProjectConfigurationPlatforms) = postSolution
		{AE10CF8D-3B29-403E-A788-053B044CAFA8}.Debug|Any CPU.ActiveCfg = Debug|Any CPU
		{AE10CF8D-3B29-403E-A788-053B044CAFA8}.Debug|Any CPU.Build.0 = Debug|Any CPU
		{AE10CF8D-3B29-403E-A788-053B044CAFA8}.Release|Any CPU.ActiveCfg = Release|Any CPU
		{AE10CF8D-3B29-403E-A788-053B044CAFA8}.Release|Any CPU.Build.0 = Release|Any CPU
	EndGlobalSection
	GlobalSection(SolutionProperties) = preSolution
		HideSolutionNode = FALSE
	EndGlobalSection
	GlobalSection(ExtensibilityGlobals) = postSolution
		SolutionGuid = {FCA498AA-5F7F-4498-94FC-9A69C45AB122}
	EndGlobalSection
EndGlobal
